
Microsoft Visual Studio Solution File, Format Version 12.00
# Visual Studio Version 16
VisualStudioVersion = 16.0.29806.167
MinimumVisualStudioVersion = 10.0.40219.1
Project("{F184B08F-C81C-45F6-A57F-5ABD9991F28F}") = "WebFinalpart1", "WebFinalpart1\WebFinalpart1.vbproj", "{17E408BB-3D1B-4C57-964B-8BBB98D2EEEE}"
EndProject
Global
	GlobalSection(SolutionConfigurationPlatforms) = preSolution
		Debug|Any CPU = Debug|Any CPU
		Release|Any CPU = Release|Any CPU
	EndGlobalSection
	GlobalSection(ProjectConfigurationPlatforms) = postSolution
		{17E408BB-3D1B-4C57-964B-8BBB98D2EEEE}.Debug|Any CPU.ActiveCfg = Debug|Any CPU
		{17E408BB-3D1B-4C57-964B-8BBB98D2EEEE}.Debug|Any CPU.Build.0 = Debug|Any CPU
		{17E408BB-3D1B-4C57-964B-8BBB98D2EEEE}.Release|Any CPU.ActiveCfg = Release|Any CPU
		{17E408BB-3D1B-4C57-964B-8BBB98D2EEEE}.Release|Any CPU.Build.0 = Release|Any CPU
	EndGlobalSection
	GlobalSection(SolutionProperties) = preSolution
		HideSolutionNode = FALSE
	EndGlobalSection
	GlobalSection(ExtensibilityGlobals) = postSolution
		SolutionGuid = {DD2B14F0-0485-4195-B767-09C94CC30632}
	EndGlobalSection
EndGlobal
